
Microsoft Visual Studio Solution File, Format Version 12.00
# Visual Studio Version 16
VisualStudioVersion = 16.0.29806.167
MinimumVisualStudioVersion = 10.0.40219.1
Project("{9A19103F-16F7-4668-BE54-9A1E7A4F7556}") = "DemoArchitecture", "DemoArchitecture\DemoArchitecture.csproj", "{0CDDADC6-94E5-4007-8829-68DE7E253F9A}"
EndProject
Project("{9A19103F-16F7-4668-BE54-9A1E7A4F7556}") = "DemoArchitecture.DL", "DemoArchitecture.DL\DemoArchitecture.DL.csproj", "{FAA03DF1-BCED-4D37-8DAA-258C66CFD9A6}"
EndProject
Project("{9A19103F-16F7-4668-BE54-9A1E7A4F7556}") = "DemoArchitecture.BL", "DemoArchitecture.BL\DemoArchitecture.BL.csproj", "{B71FB3E2-AC68-4231-8E33-82F3637FE469}"
EndProject
Project("{9A19103F-16F7-4668-BE54-9A1E7A4F7556}") = "DemoArchitecture.Common", "DemoArchitecture.Common\DemoArchitecture.Common.csproj", "{75F71871-E68D-4AF5-9721-C32DF61113E2}"
EndProject
Project("{9A19103F-16F7-4668-BE54-9A1E7A4F7556}") = "DemoArchitecture.Entity", "DemoArchitecture.Entity\DemoArchitecture.Entity.csproj", "{B9B7012D-53D0-4D4D-BF34-22D20E26B74C}"
EndProject
Project("{9A19103F-16F7-4668-BE54-9A1E7A4F7556}") = "DemoArchitecture.Worker", "DemoArchitecture.Worker\DemoArchitecture.Worker.csproj", "{E6EC974B-A5D2-4018-B611-E7E781A8F041}"
EndProject
Project("{FAE04EC0-301F-11D3-BF4B-00C04F79EFBC}") = "DemoArchitecture.Schedule", "DemoArchitecture.Schedule\DemoArchitecture.Schedule.csproj", "{F264A556-C32B-4DF4-886B-E879C4AC59F0}"
EndProject
Global
	GlobalSection(SolutionConfigurationPlatforms) = preSolution
		Debug|Any CPU = Debug|Any CPU
		Release|Any CPU = Release|Any CPU
	EndGlobalSection
	GlobalSection(ProjectConfigurationPlatforms) = postSolution
		{0CDDADC6-94E5-4007-8829-68DE7E253F9A}.Debug|Any CPU.ActiveCfg = Debug|Any CPU
		{0CDDADC6-94E5-4007-8829-68DE7E253F9A}.Debug|Any CPU.Build.0 = Debug|Any CPU
		{0CDDADC6-94E5-4007-8829-68DE7E253F9A}.Release|Any CPU.ActiveCfg = Release|Any CPU
		{0CDDADC6-94E5-4007-8829-68DE7E253F9A}.Release|Any CPU.Build.0 = Release|Any CPU
		{FAA03DF1-BCED-4D37-8DAA-258C66CFD9A6}.Debug|Any CPU.ActiveCfg = Debug|Any CPU
		{FAA03DF1-BCED-4D37-8DAA-258C66CFD9A6}.Debug|Any CPU.Build.0 = Debug|Any CPU
		{FAA03DF1-BCED-4D37-8DAA-258C66CFD9A6}.Release|Any CPU.ActiveCfg = Release|Any CPU
		{FAA03DF1-BCED-4D37-8DAA-258C66CFD9A6}.Release|Any CPU.Build.0 = Release|Any CPU
		{B71FB3E2-AC68-4231-8E33-82F3637FE469}.Debug|Any CPU.ActiveCfg = Debug|Any CPU
		{B71FB3E2-AC68-4231-8E33-82F3637FE469}.Debug|Any CPU.Build.0 = Debug|Any CPU
		{B71FB3E2-AC68-4231-8E33-82F3637FE469}.Release|Any CPU.ActiveCfg = Release|Any CPU
		{B71FB3E2-AC68-4231-8E33-82F3637FE469}.Release|Any CPU.Build.0 = Release|Any CPU
		{75F71871-E68D-4AF5-9721-C32DF61113E2}.Debug|Any CPU.ActiveCfg = Debug|Any CPU
		{75F71871-E68D-4AF5-9721-C32DF61113E2}.Debug|Any CPU.Build.0 = Debug|Any CPU
		{75F71871-E68D-4AF5-9721-C32DF61113E2}.Release|Any CPU.ActiveCfg = Release|Any CPU
		{75F71871-E68D-4AF5-9721-C32DF61113E2}.Release|Any CPU.Build.0 = Release|Any CPU
		{B9B7012D-53D0-4D4D-BF34-22D20E26B74C}.Debug|Any CPU.ActiveCfg = Debug|Any CPU
		{B9B7012D-53D0-4D4D-BF34-22D20E26B74C}.Debug|Any CPU.Build.0 = Debug|Any CPU
		{B9B7012D-53D0-4D4D-BF34-22D20E26B74C}.Release|Any CPU.ActiveCfg = Release|Any CPU
		{B9B7012D-53D0-4D4D-BF34-22D20E26B74C}.Release|Any CPU.Build.0 = Release|Any CPU
		{E6EC974B-A5D2-4018-B611-E7E781A8F041}.Debug|Any CPU.ActiveCfg = Debug|Any CPU
		{E6EC974B-A5D2-4018-B611-E7E781A8F041}.Debug|Any CPU.Build.0 = Debug|Any CPU
		{E6EC974B-A5D2-4018-B611-E7E781A8F041}.Release|Any CPU.ActiveCfg = Release|Any CPU
		{E6EC974B-A5D2-4018-B611-E7E781A8F041}.Release|Any CPU.Build.0 = Release|Any CPU
		{F264A556-C32B-4DF4-886B-E879C4AC59F0}.Debug|Any CPU.ActiveCfg = Debug|Any CPU
		{F264A556-C32B-4DF4-886B-E879C4AC59F0}.Debug|Any CPU.Build.0 = Debug|Any CPU
		{F264A556-C32B-4DF4-886B-E879C4AC59F0}.Release|Any CPU.ActiveCfg = Release|Any CPU
		{F264A556-C32B-4DF4-886B-E879C4AC59F0}.Release|Any CPU.Build.0 = Release|Any CPU
	EndGlobalSection
	GlobalSection(SolutionProperties) = preSolution
		HideSolutionNode = FALSE
	EndGlobalSection
	GlobalSection(ExtensibilityGlobals) = postSolution
		SolutionGuid = {0CCF6636-48FD-4BDD-BF2B-BC8EAC99246A}
	EndGlobalSection
EndGlobal
